// !$*UTF8*$!
{
	archiveVersion = 1;
	classes = {
	};
	objectVersion = 51;
	objects = {

/* Begin PBXBuildFile section */
		2060E70A25742E0B00CF6732 /* PhotoViewPresenter.swift in Sources */ = {isa = PBXBuildFile; fileRef = 2060E70925742E0B00CF6732 /* PhotoViewPresenter.swift */; };
		2071998124F68B3400979AA7 /* AppDelegate.swift in Sources */ = {isa = PBXBuildFile; fileRef = 2071998024F68B3400979AA7 /* AppDelegate.swift */; };
		2071998324F68B3400979AA7 /* SceneDelegate.swift in Sources */ = {isa = PBXBuildFile; fileRef = 2071998224F68B3400979AA7 /* SceneDelegate.swift */; };
		2071998524F68B3400979AA7 /* PhotoViewController.swift in Sources */ = {isa = PBXBuildFile; fileRef = 2071998424F68B3400979AA7 /* PhotoViewController.swift */; };
		2071998824F68B3400979AA7 /* Main.storyboard in Resources */ = {isa = PBXBuildFile; fileRef = 2071998624F68B3400979AA7 /* Main.storyboard */; };
		2071998A24F68B3A00979AA7 /* Assets.xcassets in Resources */ = {isa = PBXBuildFile; fileRef = 2071998924F68B3A00979AA7 /* Assets.xcassets */; };
		2071998D24F68B3A00979AA7 /* LaunchScreen.storyboard in Resources */ = {isa = PBXBuildFile; fileRef = 2071998B24F68B3A00979AA7 /* LaunchScreen.storyboard */; };
		2071999624F6AD6200979AA7 /* PhotoProductCell.swift in Sources */ = {isa = PBXBuildFile; fileRef = 2071999424F6AD6100979AA7 /* PhotoProductCell.swift */; };
		2071999724F6AD6200979AA7 /* PhotoProductCell.xib in Resources */ = {isa = PBXBuildFile; fileRef = 2071999524F6AD6200979AA7 /* PhotoProductCell.xib */; };
		2083DB9025CF648000F79E2C /* PhotoInteractor.swift in Sources */ = {isa = PBXBuildFile; fileRef = 2083DB8F25CF648000F79E2C /* PhotoInteractor.swift */; };
		20B4EFA424F830AD00FFEAB7 /* Interfaces.swift in Sources */ = {isa = PBXBuildFile; fileRef = 20B4EFA324F830AD00FFEAB7 /* Interfaces.swift */; };
		20B4EFA724F8331800FFEAB7 /* DetailViewController.swift in Sources */ = {isa = PBXBuildFile; fileRef = 20B4EFA624F8331800FFEAB7 /* DetailViewController.swift */; };
		20EE537F24F6F00C009A9566 /* ServerManager.swift in Sources */ = {isa = PBXBuildFile; fileRef = 20EE537E24F6F00C009A9566 /* ServerManager.swift */; };
		20EE538124F6F1BF009A9566 /* PhotoModel.swift in Sources */ = {isa = PBXBuildFile; fileRef = 20EE538024F6F1BE009A9566 /* PhotoModel.swift */; };
		20EE538324F6F1F8009A9566 /* PicturesViewModel.swift in Sources */ = {isa = PBXBuildFile; fileRef = 20EE538224F6F1F8009A9566 /* PicturesViewModel.swift */; };
		20EE539424F78BFE009A9566 /* PhotoDataWorker.swift in Sources */ = {isa = PBXBuildFile; fileRef = 20EE539324F78BFE009A9566 /* PhotoDataWorker.swift */; };
		20EE539624F7B193009A9566 /* Array.swift in Sources */ = {isa = PBXBuildFile; fileRef = 20EE539524F7B193009A9566 /* Array.swift */; };
		79504D554BBE1FD11B9B8FE2 /* Pods_GridPicture.framework in Frameworks */ = {isa = PBXBuildFile; fileRef = B0B992C6A11235590AB0B742 /* Pods_GridPicture.framework */; };
/* End PBXBuildFile section */

/* Begin PBXFileReference section */
		2060E70925742E0B00CF6732 /* PhotoViewPresenter.swift */ = {isa = PBXFileReference; lastKnownFileType = sourcecode.swift; path = PhotoViewPresenter.swift; sourceTree = "<group>"; };
		2071997D24F68B3400979AA7 /* GridPicture.app */ = {isa = PBXFileReference; explicitFileType = wrapper.application; includeInIndex = 0; path = GridPicture.app; sourceTree = BUILT_PRODUCTS_DIR; };
		2071998024F68B3400979AA7 /* AppDelegate.swift */ = {isa = PBXFileReference; lastKnownFileType = sourcecode.swift; path = AppDelegate.swift; sourceTree = "<group>"; };
		2071998224F68B3400979AA7 /* SceneDelegate.swift */ = {isa = PBXFileReference; lastKnownFileType = sourcecode.swift; path = SceneDelegate.swift; sourceTree = "<group>"; };
		2071998424F68B3400979AA7 /* PhotoViewController.swift */ = {isa = PBXFileReference; lastKnownFileType = sourcecode.swift; path = PhotoViewController.swift; sourceTree = "<group>"; };
		2071998724F68B3400979AA7 /* Base */ = {isa = PBXFileReference; lastKnownFileType = file.storyboard; name = Base; path = Base.lproj/Main.storyboard; sourceTree = "<group>"; };
		2071998924F68B3A00979AA7 /* Assets.xcassets */ = {isa = PBXFileReference; lastKnownFileType = folder.assetcatalog; path = Assets.xcassets; sourceTree = "<group>"; };
		2071998C24F68B3A00979AA7 /* Base */ = {isa = PBXFileReference; lastKnownFileType = file.storyboard; name = Base; path = Base.lproj/LaunchScreen.storyboard; sourceTree = "<group>"; };
		2071998E24F68B3A00979AA7 /* Info.plist */ = {isa = PBXFileReference; lastKnownFileType = text.plist.xml; path = Info.plist; sourceTree = "<group>"; };
		2071999424F6AD6100979AA7 /* PhotoProductCell.swift */ = {isa = PBXFileReference; lastKnownFileType = sourcecode.swift; path = PhotoProductCell.swift; sourceTree = "<group>"; };
		2071999524F6AD6200979AA7 /* PhotoProductCell.xib */ = {isa = PBXFileReference; lastKnownFileType = file.xib; path = PhotoProductCell.xib; sourceTree = "<group>"; };
		2083DB8F25CF648000F79E2C /* PhotoInteractor.swift */ = {isa = PBXFileReference; fileEncoding = 4; lastKnownFileType = sourcecode.swift; path = PhotoInteractor.swift; sourceTree = "<group>"; };
		20B4EFA324F830AD00FFEAB7 /* Interfaces.swift */ = {isa = PBXFileReference; lastKnownFileType = sourcecode.swift; path = Interfaces.swift; sourceTree = "<group>"; };
		20B4EFA624F8331800FFEAB7 /* DetailViewController.swift */ = {isa = PBXFileReference; lastKnownFileType = sourcecode.swift; path = DetailViewController.swift; sourceTree = "<group>"; };
		20EE537E24F6F00C009A9566 /* ServerManager.swift */ = {isa = PBXFileReference; lastKnownFileType = sourcecode.swift; path = ServerManager.swift; sourceTree = "<group>"; };
		20EE538024F6F1BE009A9566 /* PhotoModel.swift */ = {isa = PBXFileReference; lastKnownFileType = sourcecode.swift; path = PhotoModel.swift; sourceTree = "<group>"; };
		20EE538224F6F1F8009A9566 /* PicturesViewModel.swift */ = {isa = PBXFileReference; lastKnownFileType = sourcecode.swift; path = PicturesViewModel.swift; sourceTree = "<group>"; };
		20EE539324F78BFE009A9566 /* PhotoDataWorker.swift */ = {isa = PBXFileReference; lastKnownFileType = sourcecode.swift; path = PhotoDataWorker.swift; sourceTree = "<group>"; };
		20EE539524F7B193009A9566 /* Array.swift */ = {isa = PBXFileReference; lastKnownFileType = sourcecode.swift; path = Array.swift; sourceTree = "<group>"; };
		2CB134D5ECD2F9904904A074 /* Pods-GridPicture.release.xcconfig */ = {isa = PBXFileReference; includeInIndex = 1; lastKnownFileType = text.xcconfig; name = "Pods-GridPicture.release.xcconfig"; path = "Target Support Files/Pods-GridPicture/Pods-GridPicture.release.xcconfig"; sourceTree = "<group>"; };
		81AEC39FB22631195FC53B4E /* Pods-GridPicture.debug.xcconfig */ = {isa = PBXFileReference; includeInIndex = 1; lastKnownFileType = text.xcconfig; name = "Pods-GridPicture.debug.xcconfig"; path = "Target Support Files/Pods-GridPicture/Pods-GridPicture.debug.xcconfig"; sourceTree = "<group>"; };
		B0B992C6A11235590AB0B742 /* Pods_GridPicture.framework */ = {isa = PBXFileReference; explicitFileType = wrapper.framework; includeInIndex = 0; path = Pods_GridPicture.framework; sourceTree = BUILT_PRODUCTS_DIR; };
/* End PBXFileReference section */

/* Begin PBXFrameworksBuildPhase section */
		2071997A24F68B3400979AA7 /* Frameworks */ = {
			isa = PBXFrameworksBuildPhase;
			buildActionMask = 2147483647;
			files = (
				79504D554BBE1FD11B9B8FE2 /* Pods_GridPicture.framework in Frameworks */,
			);
			runOnlyForDeploymentPostprocessing = 0;
		};
/* End PBXFrameworksBuildPhase section */

/* Begin PBXGroup section */
		2032DE6D24F800A700C30140 /* Model */ = {
			isa = PBXGroup;
			children = (
				20EE538224F6F1F8009A9566 /* PicturesViewModel.swift */,
				20EE538024F6F1BE009A9566 /* PhotoModel.swift */,
			);
			path = Model;
			sourceTree = "<group>";
		};
		2071997424F68B3400979AA7 = {
			isa = PBXGroup;
			children = (
				2071997F24F68B3400979AA7 /* GridPicture */,
				2071997E24F68B3400979AA7 /* Products */,
				E57680CDF0692FF6509BF90C /* Pods */,
				CA70186A132714DFB18A4ED1 /* Frameworks */,
			);
			sourceTree = "<group>";
		};
		2071997E24F68B3400979AA7 /* Products */ = {
			isa = PBXGroup;
			children = (
				2071997D24F68B3400979AA7 /* GridPicture.app */,
			);
			name = Products;
			sourceTree = "<group>";
		};
		2071997F24F68B3400979AA7 /* GridPicture */ = {
			isa = PBXGroup;
			children = (
				2071998024F68B3400979AA7 /* AppDelegate.swift */,
				2071998224F68B3400979AA7 /* SceneDelegate.swift */,
				20B4EFA524F830CD00FFEAB7 /* Network */,
				20B4EFA324F830AD00FFEAB7 /* Interfaces.swift */,
				20AF526624F8CFCF00D7F18D /* ViewController */,
				2032DE6D24F800A700C30140 /* Model */,
				20EE539924F7B1AF009A9566 /* Extention */,
				20EE539224F786D0009A9566 /* Cell */,
				2071998624F68B3400979AA7 /* Main.storyboard */,
				2071998924F68B3A00979AA7 /* Assets.xcassets */,
				2071998B24F68B3A00979AA7 /* LaunchScreen.storyboard */,
				2071998E24F68B3A00979AA7 /* Info.plist */,
			);
			path = GridPicture;
			sourceTree = "<group>";
		};
		20AF526624F8CFCF00D7F18D /* ViewController */ = {
			isa = PBXGroup;
			children = (
				2071998424F68B3400979AA7 /* PhotoViewController.swift */,
				2060E70925742E0B00CF6732 /* PhotoViewPresenter.swift */,
				2083DB8F25CF648000F79E2C /* PhotoInteractor.swift */,
				20B4EFA624F8331800FFEAB7 /* DetailViewController.swift */,
			);
			name = ViewController;
			sourceTree = "<group>";
		};
		20B4EFA524F830CD00FFEAB7 /* Network */ = {
			isa = PBXGroup;
			children = (
				20EE537E24F6F00C009A9566 /* ServerManager.swift */,
				20EE539324F78BFE009A9566 /* PhotoDataWorker.swift */,
			);
			path = Network;
			sourceTree = "<group>";
		};
		20EE539224F786D0009A9566 /* Cell */ = {
			isa = PBXGroup;
			children = (
				2071999424F6AD6100979AA7 /* PhotoProductCell.swift */,
				2071999524F6AD6200979AA7 /* PhotoProductCell.xib */,
			);
			path = Cell;
			sourceTree = "<group>";
		};
		20EE539924F7B1AF009A9566 /* Extention */ = {
			isa = PBXGroup;
			children = (
				20EE539524F7B193009A9566 /* Array.swift */,
			);
			path = Extention;
			sourceTree = "<group>";
		};
		CA70186A132714DFB18A4ED1 /* Frameworks */ = {
			isa = PBXGroup;
			children = (
				B0B992C6A11235590AB0B742 /* Pods_GridPicture.framework */,
			);
			name = Frameworks;
			sourceTree = "<group>";
		};
		E57680CDF0692FF6509BF90C /* Pods */ = {
			isa = PBXGroup;
			children = (
				81AEC39FB22631195FC53B4E /* Pods-GridPicture.debug.xcconfig */,
				2CB134D5ECD2F9904904A074 /* Pods-GridPicture.release.xcconfig */,
			);
			path = Pods;
			sourceTree = "<group>";
		};
/* End PBXGroup section */

/* Begin PBXNativeTarget section */
		2071997C24F68B3400979AA7 /* GridPicture */ = {
			isa = PBXNativeTarget;
			buildConfigurationList = 2071999124F68B3A00979AA7 /* Build configuration list for PBXNativeTarget "GridPicture" */;
			buildPhases = (
				6F2B42C448B2C484B80C1F14 /* [CP] Check Pods Manifest.lock */,
				2071997924F68B3400979AA7 /* Sources */,
				2071997A24F68B3400979AA7 /* Frameworks */,
				2071997B24F68B3400979AA7 /* Resources */,
				116CBD122A1046DF40BD958A /* [CP] Embed Pods Frameworks */,
			);
			buildRules = (
			);
			dependencies = (
			);
			name = GridPicture;
			productName = GridPicture;
			productReference = 2071997D24F68B3400979AA7 /* GridPicture.app */;
			productType = "com.apple.product-type.application";
		};
/* End PBXNativeTarget section */

/* Begin PBXProject section */
		2071997524F68B3400979AA7 /* Project object */ = {
			isa = PBXProject;
			attributes = {
				LastSwiftUpdateCheck = 1160;
				LastUpgradeCheck = 1160;
				ORGANIZATIONNAME = "Роман Чугай";
				TargetAttributes = {
					2071997C24F68B3400979AA7 = {
						CreatedOnToolsVersion = 11.6;
					};
				};
			};
			buildConfigurationList = 2071997824F68B3400979AA7 /* Build configuration list for PBXProject "GridPicture" */;
			compatibilityVersion = "Xcode 9.3";
			developmentRegion = en;
			hasScannedForEncodings = 0;
			knownRegions = (
				en,
				Base,
			);
			mainGroup = 2071997424F68B3400979AA7;
			productRefGroup = 2071997E24F68B3400979AA7 /* Products */;
			projectDirPath = "";
			projectRoot = "";
			targets = (
				2071997C24F68B3400979AA7 /* GridPicture */,
			);
		};
/* End PBXProject section */

/* Begin PBXResourcesBuildPhase section */
		2071997B24F68B3400979AA7 /* Resources */ = {
			isa = PBXResourcesBuildPhase;
			buildActionMask = 2147483647;
			files = (
				2071998D24F68B3A00979AA7 /* LaunchScreen.storyboard in Resources */,
				2071999724F6AD6200979AA7 /* PhotoProductCell.xib in Resources */,
				2071998A24F68B3A00979AA7 /* Assets.xcassets in Resources */,
				2071998824F68B3400979AA7 /* Main.storyboard in Resources */,
			);
			runOnlyForDeploymentPostprocessing = 0;
		};
/* End PBXResourcesBuildPhase section */

/* Begin PBXShellScriptBuildPhase section */
		116CBD122A1046DF40BD958A /* [CP] Embed Pods Frameworks */ = {
			isa = PBXShellScriptBuildPhase;
			buildActionMask = 2147483647;
			files = (
			);
			inputFileListPaths = (
				"${PODS_ROOT}/Target Support Files/Pods-GridPicture/Pods-GridPicture-frameworks-${CONFIGURATION}-input-files.xcfilelist",
			);
			name = "[CP] Embed Pods Frameworks";
			outputFileListPaths = (
				"${PODS_ROOT}/Target Support Files/Pods-GridPicture/Pods-GridPicture-frameworks-${CONFIGURATION}-output-files.xcfilelist",
			);
			runOnlyForDeploymentPostprocessing = 0;
			shellPath = /bin/sh;
			shellScript = "\"${PODS_ROOT}/Target Support Files/Pods-GridPicture/Pods-GridPicture-frameworks.sh\"\n";
			showEnvVarsInLog = 0;
		};
		6F2B42C448B2C484B80C1F14 /* [CP] Check Pods Manifest.lock */ = {
			isa = PBXShellScriptBuildPhase;
			buildActionMask = 2147483647;
			files = (
			);
			inputFileListPaths = (
			);
			inputPaths = (
				"${PODS_PODFILE_DIR_PATH}/Podfile.lock",
				"${PODS_ROOT}/Manifest.lock",
			);
			name = "[CP] Check Pods Manifest.lock";
			outputFileListPaths = (
			);
			outputPaths = (
				"$(DERIVED_FILE_DIR)/Pods-GridPicture-checkManifestLockResult.txt",
			);
			runOnlyForDeploymentPostprocessing = 0;
			shellPath = /bin/sh;
			shellScript = "diff \"${PODS_PODFILE_DIR_PATH}/Podfile.lock\" \"${PODS_ROOT}/Manifest.lock\" > /dev/null\nif [ $? != 0 ] ; then\n    # print error to STDERR\n    echo \"error: The sandbox is not in sync with the Podfile.lock. Run 'pod install' or update your CocoaPods installation.\" >&2\n    exit 1\nfi\n# This output is used by Xcode 'outputs' to avoid re-running this script phase.\necho \"SUCCESS\" > \"${SCRIPT_OUTPUT_FILE_0}\"\n";
			showEnvVarsInLog = 0;
		};
/* End PBXShellScriptBuildPhase section */

/* Begin PBXSourcesBuildPhase section */
		2071997924F68B3400979AA7 /* Sources */ = {
			isa = PBXSourcesBuildPhase;
			buildActionMask = 2147483647;
			files = (
				2060E70A25742E0B00CF6732 /* PhotoViewPresenter.swift in Sources */,
				20B4EFA724F8331800FFEAB7 /* DetailViewController.swift in Sources */,
				20EE539624F7B193009A9566 /* Array.swift in Sources */,
				20EE537F24F6F00C009A9566 /* ServerManager.swift in Sources */,
				2071998524F68B3400979AA7 /* PhotoViewController.swift in Sources */,
				2071999624F6AD6200979AA7 /* PhotoProductCell.swift in Sources */,
				20EE539424F78BFE009A9566 /* PhotoDataWorker.swift in Sources */,
				20B4EFA424F830AD00FFEAB7 /* Interfaces.swift in Sources */,
				2083DB9025CF648000F79E2C /* PhotoInteractor.swift in Sources */,
				2071998124F68B3400979AA7 /* AppDelegate.swift in Sources */,
				2071998324F68B3400979AA7 /* SceneDelegate.swift in Sources */,
				20EE538124F6F1BF009A9566 /* PhotoModel.swift in Sources */,
				20EE538324F6F1F8009A9566 /* PicturesViewModel.swift in Sources */,
			);
			runOnlyForDeploymentPostprocessing = 0;
		};
/* End PBXSourcesBuildPhase section */

/* Begin PBXVariantGroup section */
		2071998624F68B3400979AA7 /* Main.storyboard */ = {
			isa = PBXVariantGroup;
			children = (
				2071998724F68B3400979AA7 /* Base */,
			);
			name = Main.storyboard;
			sourceTree = "<group>";
		};
		2071998B24F68B3A00979AA7 /* LaunchScreen.storyboard */ = {
			isa = PBXVariantGroup;
			children = (
				2071998C24F68B3A00979AA7 /* Base */,
			);
			name = LaunchScreen.storyboard;
			sourceTree = "<group>";
		};
/* End PBXVariantGroup section */

/* Begin XCBuildConfiguration section */
		2071998F24F68B3A00979AA7 /* Debug */ = {
			isa = XCBuildConfiguration;
			buildSettings = {
				ALWAYS_SEARCH_USER_PATHS = NO;
				CLANG_ANALYZER_NONNULL = YES;
				CLANG_ANALYZER_NUMBER_OBJECT_CONVERSION = YES_AGGRESSIVE;
				CLANG_CXX_LANGUAGE_STANDARD = "gnu++14";
				CLANG_CXX_LIBRARY = "libc++";
				CLANG_ENABLE_MODULES = YES;
				CLANG_ENABLE_OBJC_ARC = YES;
				CLANG_ENABLE_OBJC_WEAK = YES;
				CLANG_WARN_BLOCK_CAPTURE_AUTORELEASING = YES;
				CLANG_WARN_BOOL_CONVERSION = YES;
				CLANG_WARN_COMMA = YES;
				CLANG_WARN_CONSTANT_CONVERSION = YES;
				CLANG_WARN_DEPRECATED_OBJC_IMPLEMENTATIONS = YES;
				CLANG_WARN_DIRECT_OBJC_ISA_USAGE = YES_ERROR;
				CLANG_WARN_DOCUMENTATION_COMMENTS = YES;
				CLANG_WARN_EMPTY_BODY = YES;
				CLANG_WARN_ENUM_CONVERSION = YES;
				CLANG_WARN_INFINITE_RECURSION = YES;
				CLANG_WARN_INT_CONVERSION = YES;
				CLANG_WARN_NON_LITERAL_NULL_CONVERSION = YES;
				CLANG_WARN_OBJC_IMPLICIT_RETAIN_SELF = YES;
				CLANG_WARN_OBJC_LITERAL_CONVERSION = YES;
				CLANG_WARN_OBJC_ROOT_CLASS = YES_ERROR;
				CLANG_WARN_RANGE_LOOP_ANALYSIS = YES;
				CLANG_WARN_STRICT_PROTOTYPES = YES;
				CLANG_WARN_SUSPICIOUS_MOVE = YES;
				CLANG_WARN_UNGUARDED_AVAILABILITY = YES_AGGRESSIVE;
				CLANG_WARN_UNREACHABLE_CODE = YES;
				CLANG_WARN__DUPLICATE_METHOD_MATCH = YES;
				COPY_PHASE_STRIP = NO;
				DEBUG_INFORMATION_FORMAT = dwarf;
				ENABLE_STRICT_OBJC_MSGSEND = YES;
				ENABLE_TESTABILITY = YES;
				GCC_C_LANGUAGE_STANDARD = gnu11;
				GCC_DYNAMIC_NO_PIC = NO;
				GCC_NO_COMMON_BLOCKS = YES;
				GCC_OPTIMIZATION_LEVEL = 0;
				GCC_PREPROCESSOR_DEFINITIONS = (
					"DEBUG=1",
					"$(inherited)",
				);
				GCC_WARN_64_TO_32_BIT_CONVERSION = YES;
				GCC_WARN_ABOUT_RETURN_TYPE = YES_ERROR;
				GCC_WARN_UNDECLARED_SELECTOR = YES;
				GCC_WARN_UNINITIALIZED_AUTOS = YES_AGGRESSIVE;
				GCC_WARN_UNUSED_FUNCTION = YES;
				GCC_WARN_UNUSED_VARIABLE = YES;
				IPHONEOS_DEPLOYMENT_TARGET = 13.6;
				MTL_ENABLE_DEBUG_INFO = INCLUDE_SOURCE;
				MTL_FAST_MATH = YES;
				ONLY_ACTIVE_ARCH = YES;
				SDKROOT = iphoneos;
				SWIFT_ACTIVE_COMPILATION_CONDITIONS = DEBUG;
				SWIFT_OPTIMIZATION_LEVEL = "-Onone";
			};
			name = Debug;
		};
		2071999024F68B3A00979AA7 /* Release */ = {
			isa = XCBuildConfiguration;
			buildSettings = {
				ALWAYS_SEARCH_USER_PATHS = NO;
				CLANG_ANALYZER_NONNULL = YES;
				CLANG_ANALYZER_NUMBER_OBJECT_CONVERSION = YES_AGGRESSIVE;
				CLANG_CXX_LANGUAGE_STANDARD = "gnu++14";
				CLANG_CXX_LIBRARY = "libc++";
				CLANG_ENABLE_MODULES = YES;
				CLANG_ENABLE_OBJC_ARC = YES;
				CLANG_ENABLE_OBJC_WEAK = YES;
				CLANG_WARN_BLOCK_CAPTURE_AUTORELEASING = YES;
				CLANG_WARN_BOOL_CONVERSION = YES;
				CLANG_WARN_COMMA = YES;
				CLANG_WARN_CONSTANT_CONVERSION = YES;
				CLANG_WARN_DEPRECATED_OBJC_IMPLEMENTATIONS = YES;
				CLANG_WARN_DIRECT_OBJC_ISA_USAGE = YES_ERROR;
				CLANG_WARN_DOCUMENTATION_COMMENTS = YES;
				CLANG_WARN_EMPTY_BODY = YES;
				CLANG_WARN_ENUM_CONVERSION = YES;
				CLANG_WARN_INFINITE_RECURSION = YES;
				CLANG_WARN_INT_CONVERSION = YES;
				CLANG_WARN_NON_LITERAL_NULL_CONVERSION = YES;
				CLANG_WARN_OBJC_IMPLICIT_RETAIN_SELF = YES;
				CLANG_WARN_OBJC_LITERAL_CONVERSION = YES;
				CLANG_WARN_OBJC_ROOT_CLASS = YES_ERROR;
				CLANG_WARN_RANGE_LOOP_ANALYSIS = YES;
				CLANG_WARN_STRICT_PROTOTYPES = YES;
				CLANG_WARN_SUSPICIOUS_MOVE = YES;
				CLANG_WARN_UNGUARDED_AVAILABILITY = YES_AGGRESSIVE;
				CLANG_WARN_UNREACHABLE_CODE = YES;
				CLANG_WARN__DUPLICATE_METHOD_MATCH = YES;
				COPY_PHASE_STRIP = NO;
				DEBUG_INFORMATION_FORMAT = "dwarf-with-dsym";
				ENABLE_NS_ASSERTIONS = NO;
				ENABLE_STRICT_OBJC_MSGSEND = YES;
				GCC_C_LANGUAGE_STANDARD = gnu11;
				GCC_NO_COMMON_BLOCKS = YES;
				GCC_WARN_64_TO_32_BIT_CONVERSION = YES;
				GCC_WARN_ABOUT_RETURN_TYPE = YES_ERROR;
				GCC_WARN_UNDECLARED_SELECTOR = YES;
				GCC_WARN_UNINITIALIZED_AUTOS = YES_AGGRESSIVE;
				GCC_WARN_UNUSED_FUNCTION = YES;
				GCC_WARN_UNUSED_VARIABLE = YES;
				IPHONEOS_DEPLOYMENT_TARGET = 13.6;
				MTL_ENABLE_DEBUG_INFO = NO;
				MTL_FAST_MATH = YES;
				SDKROOT = iphoneos;
				SWIFT_COMPILATION_MODE = wholemodule;
				SWIFT_OPTIMIZATION_LEVEL = "-O";
				VALIDATE_PRODUCT = YES;
			};
			name = Release;
		};
		2071999224F68B3A00979AA7 /* Debug */ = {
			isa = XCBuildConfiguration;
			baseConfigurationReference = 81AEC39FB22631195FC53B4E /* Pods-GridPicture.debug.xcconfig */;
			buildSettings = {
				ASSETCATALOG_COMPILER_APPICON_NAME = AppIcon;
				CODE_SIGN_STYLE = Automatic;
				DEVELOPMENT_TEAM = P8Y4AXC9J8;
				INFOPLIST_FILE = GridPicture/Info.plist;
				IPHONEOS_DEPLOYMENT_TARGET = 13.0;
				LD_RUNPATH_SEARCH_PATHS = (
					"$(inherited)",
					"@executable_path/Frameworks",
				);
				PRODUCT_BUNDLE_IDENTIFIER = com.ronfernCompany.GridPicture;
				PRODUCT_NAME = "$(TARGET_NAME)";
				SWIFT_VERSION = 5.0;
				TARGETED_DEVICE_FAMILY = 1;
			};
			name = Debug;
		};
		2071999324F68B3A00979AA7 /* Release */ = {
			isa = XCBuildConfiguration;
			baseConfigurationReference = 2CB134D5ECD2F9904904A074 /* Pods-GridPicture.release.xcconfig */;
			buildSettings = {
				ASSETCATALOG_COMPILER_APPICON_NAME = AppIcon;
				CODE_SIGN_STYLE = Automatic;
				DEVELOPMENT_TEAM = P8Y4AXC9J8;
				INFOPLIST_FILE = GridPicture/Info.plist;
				IPHONEOS_DEPLOYMENT_TARGET = 13.0;
				LD_RUNPATH_SEARCH_PATHS = (
					"$(inherited)",
					"@executable_path/Frameworks",
				);
				PRODUCT_BUNDLE_IDENTIFIER = com.ronfernCompany.GridPicture;
				PRODUCT_NAME = "$(TARGET_NAME)";
				SWIFT_VERSION = 5.0;
				TARGETED_DEVICE_FAMILY = 1;
			};
			name = Release;
		};
/* End XCBuildConfiguration section */

/* Begin XCConfigurationList section */
		2071997824F68B3400979AA7 /* Build configuration list for PBXProject "GridPicture" */ = {
			isa = XCConfigurationList;
			buildConfigurations = (
				2071998F24F68B3A00979AA7 /* Debug */,
				2071999024F68B3A00979AA7 /* Release */,
			);
			defaultConfigurationIsVisible = 0;
			defaultConfigurationName = Release;
		};
		2071999124F68B3A00979AA7 /* Build configuration list for PBXNativeTarget "GridPicture" */ = {
			isa = XCConfigurationList;
			buildConfigurations = (
				2071999224F68B3A00979AA7 /* Debug */,
				2071999324F68B3A00979AA7 /* Release */,
			);
			defaultConfigurationIsVisible = 0;
			defaultConfigurationName = Release;
		};
/* End XCConfigurationList section */
	};
	rootObject = 2071997524F68B3400979AA7 /* Project object */;
}
